
Microsoft Visual Studio Solution File, Format Version 12.00
# Visual Studio Version 17
VisualStudioVersion = 17.0.32126.317
MinimumVisualStudioVersion = 10.0.40219.1
Project("{FAE04EC0-301F-11D3-BF4B-00C04F79EFBC}") = "SnakesAndLadders", "SnakesAndLadders\SnakesAndLadders.csproj", "{D1786F8B-2983-41F8-BB88-021CDFD08DF7}"
EndProject
Project("{FAE04EC0-301F-11D3-BF4B-00C04F79EFBC}") = "SnakesAndLaddersTests", "SnakesAndLaddersTests\SnakesAndLaddersTests.csproj", "{D09372EB-B01B-496B-8C4E-024B097C63F6}"
EndProject
Global
	GlobalSection(SolutionConfigurationPlatforms) = preSolution
		Debug|Any CPU = Debug|Any CPU
		Release|Any CPU = Release|Any CPU
	EndGlobalSection
	GlobalSection(ProjectConfigurationPlatforms) = postSolution
		{D1786F8B-2983-41F8-BB88-021CDFD08DF7}.Debug|Any CPU.ActiveCfg = Debug|Any CPU
		{D1786F8B-2983-41F8-BB88-021CDFD08DF7}.Debug|Any CPU.Build.0 = Debug|Any CPU
		{D1786F8B-2983-41F8-BB88-021CDFD08DF7}.Release|Any CPU.ActiveCfg = Release|Any CPU
		{D1786F8B-2983-41F8-BB88-021CDFD08DF7}.Release|Any CPU.Build.0 = Release|Any CPU
		{D09372EB-B01B-496B-8C4E-024B097C63F6}.Debug|Any CPU.ActiveCfg = Debug|Any CPU
		{D09372EB-B01B-496B-8C4E-024B097C63F6}.Debug|Any CPU.Build.0 = Debug|Any CPU
		{D09372EB-B01B-496B-8C4E-024B097C63F6}.Release|Any CPU.ActiveCfg = Release|Any CPU
		{D09372EB-B01B-496B-8C4E-024B097C63F6}.Release|Any CPU.Build.0 = Release|Any CPU
	EndGlobalSection
	GlobalSection(SolutionProperties) = preSolution
		HideSolutionNode = FALSE
	EndGlobalSection
	GlobalSection(ExtensibilityGlobals) = postSolution
		SolutionGuid = {DB27156D-E07D-47EB-9DE3-2B61F03D82B7}
	EndGlobalSection
EndGlobal
